
Microsoft Visual Studio Solution File, Format Version 12.00
# Visual Studio 15
VisualStudioVersion = 15.0.28307.421
MinimumVisualStudioVersion = 10.0.40219.1
Project("{FAE04EC0-301F-11D3-BF4B-00C04F79EFBC}") = "Emery_assignment4", "Emery_assignment4\Emery_assignment4.csproj", "{EE76473B-19FF-47D4-9ABE-FC6E9C6E016C}"
EndProject
Global
	GlobalSection(SolutionConfigurationPlatforms) = preSolution
		Debug|Any CPU = Debug|Any CPU
		Release|Any CPU = Release|Any CPU
	EndGlobalSection
	GlobalSection(ProjectConfigurationPlatforms) = postSolution
		{EE76473B-19FF-47D4-9ABE-FC6E9C6E016C}.Debug|Any CPU.ActiveCfg = Debug|Any CPU
		{EE76473B-19FF-47D4-9ABE-FC6E9C6E016C}.Debug|Any CPU.Build.0 = Debug|Any CPU
		{EE76473B-19FF-47D4-9ABE-FC6E9C6E016C}.Release|Any CPU.ActiveCfg = Release|Any CPU
		{EE76473B-19FF-47D4-9ABE-FC6E9C6E016C}.Release|Any CPU.Build.0 = Release|Any CPU
	EndGlobalSection
	GlobalSection(SolutionProperties) = preSolution
		HideSolutionNode = FALSE
	EndGlobalSection
	GlobalSection(ExtensibilityGlobals) = postSolution
		SolutionGuid = {989E3043-7AEB-4BEC-A6B4-8ADA00D9B23E}
	EndGlobalSection
EndGlobal
